
Microsoft Visual Studio Solution File, Format Version 12.00
# Visual Studio Version 17
VisualStudioVersion = 17.4.33205.214
MinimumVisualStudioVersion = 10.0.40219.1
Project("{9A19103F-16F7-4668-BE54-9A1E7A4F7556}") = "IntegrationV3R_PortailFournisseur", "IntegrationV3R_PortailFournisseur\IntegrationV3R_PortailFournisseur.csproj", "{F42BAAB0-6F45-4607-A55E-2DB0C4CD8BE7}"
EndProject
Global
	GlobalSection(SolutionConfigurationPlatforms) = preSolution
		Debug|Any CPU = Debug|Any CPU
		Release|Any CPU = Release|Any CPU
	EndGlobalSection
	GlobalSection(ProjectConfigurationPlatforms) = postSolution
		{F42BAAB0-6F45-4607-A55E-2DB0C4CD8BE7}.Debug|Any CPU.ActiveCfg = Debug|Any CPU
		{F42BAAB0-6F45-4607-A55E-2DB0C4CD8BE7}.Debug|Any CPU.Build.0 = Debug|Any CPU
		{F42BAAB0-6F45-4607-A55E-2DB0C4CD8BE7}.Release|Any CPU.ActiveCfg = Release|Any CPU
		{F42BAAB0-6F45-4607-A55E-2DB0C4CD8BE7}.Release|Any CPU.Build.0 = Release|Any CPU
	EndGlobalSection
	GlobalSection(SolutionProperties) = preSolution
		HideSolutionNode = FALSE
	EndGlobalSection
	GlobalSection(ExtensibilityGlobals) = postSolution
		SolutionGuid = {A134CDA4-3EBD-4515-93F6-B5305834CFD0}
	EndGlobalSection
EndGlobal
